
Microsoft Visual Studio Solution File, Format Version 12.00
# Visual Studio Version 17
VisualStudioVersion = 17.0.31903.59
MinimumVisualStudioVersion = 10.0.40219.1
Project("{2150E333-8FDC-42A3-9474-1A3956D46DE8}") = "tools", "tools", "{71778A63-4437-49BC-A04B-F76048387443}"
EndProject
Project("{FAE04EC0-301F-11D3-BF4B-00C04F79EFBC}") = "discover", "tools\discover\discover.csproj", "{FEE558B9-98D1-436E-A517-DA6B860D03F6}"
EndProject
Project("{2150E333-8FDC-42A3-9474-1A3956D46DE8}") = "test", "test", "{6ED3F863-CB0A-44A4-A7B7-58A785D5D60D}"
EndProject
Project("{FAE04EC0-301F-11D3-BF4B-00C04F79EFBC}") = "PoViEmu.Tests", "test\PoViEmu.Tests\PoViEmu.Tests.csproj", "{270AF566-FF41-47E3-9FAB-48C3EA245160}"
EndProject
Project("{2150E333-8FDC-42A3-9474-1A3956D46DE8}") = "src", "src", "{994F1987-793F-4753-B99C-C87470B1681D}"
EndProject
Project("{FAE04EC0-301F-11D3-BF4B-00C04F79EFBC}") = "PoViEmu.Core", "src\PoViEmu.Core\PoViEmu.Core.csproj", "{8BD5B0B8-BABB-4733-8E0B-4D6BC379BDBD}"
EndProject
Project("{FAE04EC0-301F-11D3-BF4B-00C04F79EFBC}") = "PoViEmu.Common", "src\PoViEmu.Common\PoViEmu.Common.csproj", "{A4EBCE6C-F179-4D2A-9580-67CFA404F72E}"
EndProject
Global
	GlobalSection(SolutionConfigurationPlatforms) = preSolution
		Debug|Any CPU = Debug|Any CPU
		Release|Any CPU = Release|Any CPU
	EndGlobalSection
	GlobalSection(SolutionProperties) = preSolution
		HideSolutionNode = FALSE
	EndGlobalSection
	GlobalSection(ProjectConfigurationPlatforms) = postSolution
		{FEE558B9-98D1-436E-A517-DA6B860D03F6}.Debug|Any CPU.ActiveCfg = Debug|Any CPU
		{FEE558B9-98D1-436E-A517-DA6B860D03F6}.Debug|Any CPU.Build.0 = Debug|Any CPU
		{FEE558B9-98D1-436E-A517-DA6B860D03F6}.Release|Any CPU.ActiveCfg = Release|Any CPU
		{FEE558B9-98D1-436E-A517-DA6B860D03F6}.Release|Any CPU.Build.0 = Release|Any CPU
		{270AF566-FF41-47E3-9FAB-48C3EA245160}.Debug|Any CPU.ActiveCfg = Debug|Any CPU
		{270AF566-FF41-47E3-9FAB-48C3EA245160}.Debug|Any CPU.Build.0 = Debug|Any CPU
		{270AF566-FF41-47E3-9FAB-48C3EA245160}.Release|Any CPU.ActiveCfg = Release|Any CPU
		{270AF566-FF41-47E3-9FAB-48C3EA245160}.Release|Any CPU.Build.0 = Release|Any CPU
		{8BD5B0B8-BABB-4733-8E0B-4D6BC379BDBD}.Debug|Any CPU.ActiveCfg = Debug|Any CPU
		{8BD5B0B8-BABB-4733-8E0B-4D6BC379BDBD}.Debug|Any CPU.Build.0 = Debug|Any CPU
		{8BD5B0B8-BABB-4733-8E0B-4D6BC379BDBD}.Release|Any CPU.ActiveCfg = Release|Any CPU
		{8BD5B0B8-BABB-4733-8E0B-4D6BC379BDBD}.Release|Any CPU.Build.0 = Release|Any CPU
		{A4EBCE6C-F179-4D2A-9580-67CFA404F72E}.Debug|Any CPU.ActiveCfg = Debug|Any CPU
		{A4EBCE6C-F179-4D2A-9580-67CFA404F72E}.Debug|Any CPU.Build.0 = Debug|Any CPU
		{A4EBCE6C-F179-4D2A-9580-67CFA404F72E}.Release|Any CPU.ActiveCfg = Release|Any CPU
		{A4EBCE6C-F179-4D2A-9580-67CFA404F72E}.Release|Any CPU.Build.0 = Release|Any CPU
	EndGlobalSection
	GlobalSection(NestedProjects) = preSolution
		{FEE558B9-98D1-436E-A517-DA6B860D03F6} = {71778A63-4437-49BC-A04B-F76048387443}
		{270AF566-FF41-47E3-9FAB-48C3EA245160} = {6ED3F863-CB0A-44A4-A7B7-58A785D5D60D}
		{8BD5B0B8-BABB-4733-8E0B-4D6BC379BDBD} = {994F1987-793F-4753-B99C-C87470B1681D}
		{A4EBCE6C-F179-4D2A-9580-67CFA404F72E} = {994F1987-793F-4753-B99C-C87470B1681D}
	EndGlobalSection
EndGlobal
