
Microsoft Visual Studio Solution File, Format Version 12.00
# Visual Studio Version 17
VisualStudioVersion = 17.0.31903.59
MinimumVisualStudioVersion = 10.0.40219.1
Project("{2150E333-8FDC-42A3-9474-1A3956D46DE8}") = "test", "test", "{B60972D6-F786-4119-A1B4-44EA4584D0B5}"
EndProject
Project("{FAE04EC0-301F-11D3-BF4B-00C04F79EFBC}") = "PoViEmu.Tests", "test\PoViEmu.Tests\PoViEmu.Tests.csproj", "{5455EE2A-4F3C-4552-81A4-87CDD03510EB}"
EndProject
Project("{2150E333-8FDC-42A3-9474-1A3956D46DE8}") = "src", "src", "{1DF83186-3379-4862-B772-E5507AE0775E}"
EndProject
Project("{FAE04EC0-301F-11D3-BF4B-00C04F79EFBC}") = "PoViEmu.Core", "src\PoViEmu.Core\PoViEmu.Core.csproj", "{849BAC6A-B345-423B-9E4F-89E9354829A5}"
EndProject
Project("{FAE04EC0-301F-11D3-BF4B-00C04F79EFBC}") = "PoViEmu.Common", "src\PoViEmu.Common\PoViEmu.Common.csproj", "{892F783B-4CDD-4C22-A6D3-7BC07F6EF197}"
EndProject
Project("{FAE04EC0-301F-11D3-BF4B-00C04F79EFBC}") = "PoViEmu.UI", "src\PoViEmu.UI\PoViEmu.UI.csproj", "{932F841C-5C6F-4C9C-BAC1-07553673BB79}"
EndProject
Project("{FAE04EC0-301F-11D3-BF4B-00C04F79EFBC}") = "PoViEmu.UI.Desktop", "src\PoViEmu.UI.Desktop\PoViEmu.UI.Desktop.csproj", "{4711C41B-5D4A-4275-9103-EB59AA4F264A}"
EndProject
Global
	GlobalSection(SolutionConfigurationPlatforms) = preSolution
		Debug|Any CPU = Debug|Any CPU
		Release|Any CPU = Release|Any CPU
	EndGlobalSection
	GlobalSection(SolutionProperties) = preSolution
		HideSolutionNode = FALSE
	EndGlobalSection
	GlobalSection(ProjectConfigurationPlatforms) = postSolution
		{5455EE2A-4F3C-4552-81A4-87CDD03510EB}.Debug|Any CPU.ActiveCfg = Debug|Any CPU
		{5455EE2A-4F3C-4552-81A4-87CDD03510EB}.Debug|Any CPU.Build.0 = Debug|Any CPU
		{5455EE2A-4F3C-4552-81A4-87CDD03510EB}.Release|Any CPU.ActiveCfg = Release|Any CPU
		{5455EE2A-4F3C-4552-81A4-87CDD03510EB}.Release|Any CPU.Build.0 = Release|Any CPU
		{849BAC6A-B345-423B-9E4F-89E9354829A5}.Debug|Any CPU.ActiveCfg = Debug|Any CPU
		{849BAC6A-B345-423B-9E4F-89E9354829A5}.Debug|Any CPU.Build.0 = Debug|Any CPU
		{849BAC6A-B345-423B-9E4F-89E9354829A5}.Release|Any CPU.ActiveCfg = Release|Any CPU
		{849BAC6A-B345-423B-9E4F-89E9354829A5}.Release|Any CPU.Build.0 = Release|Any CPU
		{892F783B-4CDD-4C22-A6D3-7BC07F6EF197}.Debug|Any CPU.ActiveCfg = Debug|Any CPU
		{892F783B-4CDD-4C22-A6D3-7BC07F6EF197}.Debug|Any CPU.Build.0 = Debug|Any CPU
		{892F783B-4CDD-4C22-A6D3-7BC07F6EF197}.Release|Any CPU.ActiveCfg = Release|Any CPU
		{892F783B-4CDD-4C22-A6D3-7BC07F6EF197}.Release|Any CPU.Build.0 = Release|Any CPU
		{932F841C-5C6F-4C9C-BAC1-07553673BB79}.Debug|Any CPU.ActiveCfg = Debug|Any CPU
		{932F841C-5C6F-4C9C-BAC1-07553673BB79}.Debug|Any CPU.Build.0 = Debug|Any CPU
		{932F841C-5C6F-4C9C-BAC1-07553673BB79}.Release|Any CPU.ActiveCfg = Release|Any CPU
		{932F841C-5C6F-4C9C-BAC1-07553673BB79}.Release|Any CPU.Build.0 = Release|Any CPU
		{4711C41B-5D4A-4275-9103-EB59AA4F264A}.Debug|Any CPU.ActiveCfg = Debug|Any CPU
		{4711C41B-5D4A-4275-9103-EB59AA4F264A}.Debug|Any CPU.Build.0 = Debug|Any CPU
		{4711C41B-5D4A-4275-9103-EB59AA4F264A}.Release|Any CPU.ActiveCfg = Release|Any CPU
		{4711C41B-5D4A-4275-9103-EB59AA4F264A}.Release|Any CPU.Build.0 = Release|Any CPU
	EndGlobalSection
	GlobalSection(NestedProjects) = preSolution
		{5455EE2A-4F3C-4552-81A4-87CDD03510EB} = {B60972D6-F786-4119-A1B4-44EA4584D0B5}
		{849BAC6A-B345-423B-9E4F-89E9354829A5} = {1DF83186-3379-4862-B772-E5507AE0775E}
		{892F783B-4CDD-4C22-A6D3-7BC07F6EF197} = {1DF83186-3379-4862-B772-E5507AE0775E}
		{932F841C-5C6F-4C9C-BAC1-07553673BB79} = {1DF83186-3379-4862-B772-E5507AE0775E}
		{4711C41B-5D4A-4275-9103-EB59AA4F264A} = {1DF83186-3379-4862-B772-E5507AE0775E}
	EndGlobalSection
EndGlobal
