
Microsoft Visual Studio Solution File, Format Version 12.00
# Visual Studio Version 17
VisualStudioVersion = 17.0.31903.59
MinimumVisualStudioVersion = 10.0.40219.1
Project("{2150E333-8FDC-42A3-9474-1A3956D46DE8}") = "test", "test", "{18E008A3-4370-4FAF-B4CF-85DE01499DCE}"
EndProject
Project("{FAE04EC0-301F-11D3-BF4B-00C04F79EFBC}") = "PoViEmu.Tests.CPU", "test\PoViEmu.Tests.CPU\PoViEmu.Tests.CPU.csproj", "{0F99CDD2-3E84-4548-B3B4-4C0179011DE3}"
EndProject
Project("{2150E333-8FDC-42A3-9474-1A3956D46DE8}") = "src", "src", "{940E42E6-AA73-41EB-8ED7-A450286FD940}"
EndProject
Project("{FAE04EC0-301F-11D3-BF4B-00C04F79EFBC}") = "PoViEmu.Base", "src\PoViEmu.Base\PoViEmu.Base.csproj", "{8C1B23B3-9F16-4049-A450-BB55A8C404FF}"
EndProject
Project("{FAE04EC0-301F-11D3-BF4B-00C04F79EFBC}") = "PoViEmu.Tests.Base", "test\PoViEmu.Tests.Base\PoViEmu.Tests.Base.csproj", "{16AEF884-A0DB-41C2-91A8-3783EE5FE1B4}"
EndProject
Project("{FAE04EC0-301F-11D3-BF4B-00C04F79EFBC}") = "PoViEmu.I186.CPU", "src\PoViEmu.I186.CPU\PoViEmu.I186.CPU.csproj", "{74B1F2B8-F37D-4537-9237-D784BFA13D58}"
EndProject
Project("{FAE04EC0-301F-11D3-BF4B-00C04F79EFBC}") = "PoViEmu.I186.ISA", "src\PoViEmu.I186.ISA\PoViEmu.I186.ISA.csproj", "{B54A728D-8EB5-44EE-A4FF-07756D24F3BE}"
EndProject
Project("{FAE04EC0-301F-11D3-BF4B-00C04F79EFBC}") = "PoViEmu.Base.ISA", "src\PoViEmu.Base.ISA\PoViEmu.Base.ISA.csproj", "{C5E9C9BF-10BD-4565-A9DD-4983D66FB000}"
EndProject
Project("{FAE04EC0-301F-11D3-BF4B-00C04F79EFBC}") = "PoViEmu.Base.CPU", "src\PoViEmu.Base.CPU\PoViEmu.Base.CPU.csproj", "{5D462746-7372-4BAB-A641-41CD57AC217A}"
EndProject
Project("{FAE04EC0-301F-11D3-BF4B-00C04F79EFBC}") = "PoViEmu.SH3.CPU", "src\PoViEmu.SH3.CPU\PoViEmu.SH3.CPU.csproj", "{55FF5ABF-4F4E-44D2-A1D3-EA345C40DC69}"
EndProject
Project("{FAE04EC0-301F-11D3-BF4B-00C04F79EFBC}") = "PoViEmu.SH3.ISA", "src\PoViEmu.SH3.ISA\PoViEmu.SH3.ISA.csproj", "{026CEAF8-ACD8-4F57-8B68-C6C4C929A42A}"
EndProject
Project("{FAE04EC0-301F-11D3-BF4B-00C04F79EFBC}") = "PoViEmu.Tests.ABI", "test\PoViEmu.Tests.ABI\PoViEmu.Tests.ABI.csproj", "{D601F8C0-BFEE-4945-A04A-180CA6E34A4D}"
EndProject
Project("{FAE04EC0-301F-11D3-BF4B-00C04F79EFBC}") = "PoViEmu.I186.ABI", "src\PoViEmu.I186.ABI\PoViEmu.I186.ABI.csproj", "{B5193EE6-CFF9-4D14-8EEB-B712F2534E90}"
EndProject
Project("{FAE04EC0-301F-11D3-BF4B-00C04F79EFBC}") = "PoViEmu.SH3.ABI", "src\PoViEmu.SH3.ABI\PoViEmu.SH3.ABI.csproj", "{7276E9B4-4CE9-4144-9C2E-D4BAE948CF08}"
EndProject
Project("{FAE04EC0-301F-11D3-BF4B-00C04F79EFBC}") = "PoViEmu.Base.ABI", "src\PoViEmu.Base.ABI\PoViEmu.Base.ABI.csproj", "{5428BF13-CE98-4D58-929F-246BA7B9CC0E}"
EndProject
Global
	GlobalSection(SolutionConfigurationPlatforms) = preSolution
		Debug|Any CPU = Debug|Any CPU
		Release|Any CPU = Release|Any CPU
	EndGlobalSection
	GlobalSection(SolutionProperties) = preSolution
		HideSolutionNode = FALSE
	EndGlobalSection
	GlobalSection(ProjectConfigurationPlatforms) = postSolution
		{0F99CDD2-3E84-4548-B3B4-4C0179011DE3}.Debug|Any CPU.ActiveCfg = Debug|Any CPU
		{0F99CDD2-3E84-4548-B3B4-4C0179011DE3}.Debug|Any CPU.Build.0 = Debug|Any CPU
		{0F99CDD2-3E84-4548-B3B4-4C0179011DE3}.Release|Any CPU.ActiveCfg = Release|Any CPU
		{0F99CDD2-3E84-4548-B3B4-4C0179011DE3}.Release|Any CPU.Build.0 = Release|Any CPU
		{8C1B23B3-9F16-4049-A450-BB55A8C404FF}.Debug|Any CPU.ActiveCfg = Debug|Any CPU
		{8C1B23B3-9F16-4049-A450-BB55A8C404FF}.Debug|Any CPU.Build.0 = Debug|Any CPU
		{8C1B23B3-9F16-4049-A450-BB55A8C404FF}.Release|Any CPU.ActiveCfg = Release|Any CPU
		{8C1B23B3-9F16-4049-A450-BB55A8C404FF}.Release|Any CPU.Build.0 = Release|Any CPU
		{16AEF884-A0DB-41C2-91A8-3783EE5FE1B4}.Debug|Any CPU.ActiveCfg = Debug|Any CPU
		{16AEF884-A0DB-41C2-91A8-3783EE5FE1B4}.Debug|Any CPU.Build.0 = Debug|Any CPU
		{16AEF884-A0DB-41C2-91A8-3783EE5FE1B4}.Release|Any CPU.ActiveCfg = Release|Any CPU
		{16AEF884-A0DB-41C2-91A8-3783EE5FE1B4}.Release|Any CPU.Build.0 = Release|Any CPU
		{74B1F2B8-F37D-4537-9237-D784BFA13D58}.Debug|Any CPU.ActiveCfg = Debug|Any CPU
		{74B1F2B8-F37D-4537-9237-D784BFA13D58}.Debug|Any CPU.Build.0 = Debug|Any CPU
		{74B1F2B8-F37D-4537-9237-D784BFA13D58}.Release|Any CPU.ActiveCfg = Release|Any CPU
		{74B1F2B8-F37D-4537-9237-D784BFA13D58}.Release|Any CPU.Build.0 = Release|Any CPU
		{B54A728D-8EB5-44EE-A4FF-07756D24F3BE}.Debug|Any CPU.ActiveCfg = Debug|Any CPU
		{B54A728D-8EB5-44EE-A4FF-07756D24F3BE}.Debug|Any CPU.Build.0 = Debug|Any CPU
		{B54A728D-8EB5-44EE-A4FF-07756D24F3BE}.Release|Any CPU.ActiveCfg = Release|Any CPU
		{B54A728D-8EB5-44EE-A4FF-07756D24F3BE}.Release|Any CPU.Build.0 = Release|Any CPU
		{C5E9C9BF-10BD-4565-A9DD-4983D66FB000}.Debug|Any CPU.ActiveCfg = Debug|Any CPU
		{C5E9C9BF-10BD-4565-A9DD-4983D66FB000}.Debug|Any CPU.Build.0 = Debug|Any CPU
		{C5E9C9BF-10BD-4565-A9DD-4983D66FB000}.Release|Any CPU.ActiveCfg = Release|Any CPU
		{C5E9C9BF-10BD-4565-A9DD-4983D66FB000}.Release|Any CPU.Build.0 = Release|Any CPU
		{5D462746-7372-4BAB-A641-41CD57AC217A}.Debug|Any CPU.ActiveCfg = Debug|Any CPU
		{5D462746-7372-4BAB-A641-41CD57AC217A}.Debug|Any CPU.Build.0 = Debug|Any CPU
		{5D462746-7372-4BAB-A641-41CD57AC217A}.Release|Any CPU.ActiveCfg = Release|Any CPU
		{5D462746-7372-4BAB-A641-41CD57AC217A}.Release|Any CPU.Build.0 = Release|Any CPU
		{55FF5ABF-4F4E-44D2-A1D3-EA345C40DC69}.Debug|Any CPU.ActiveCfg = Debug|Any CPU
		{55FF5ABF-4F4E-44D2-A1D3-EA345C40DC69}.Debug|Any CPU.Build.0 = Debug|Any CPU
		{55FF5ABF-4F4E-44D2-A1D3-EA345C40DC69}.Release|Any CPU.ActiveCfg = Release|Any CPU
		{55FF5ABF-4F4E-44D2-A1D3-EA345C40DC69}.Release|Any CPU.Build.0 = Release|Any CPU
		{026CEAF8-ACD8-4F57-8B68-C6C4C929A42A}.Debug|Any CPU.ActiveCfg = Debug|Any CPU
		{026CEAF8-ACD8-4F57-8B68-C6C4C929A42A}.Debug|Any CPU.Build.0 = Debug|Any CPU
		{026CEAF8-ACD8-4F57-8B68-C6C4C929A42A}.Release|Any CPU.ActiveCfg = Release|Any CPU
		{026CEAF8-ACD8-4F57-8B68-C6C4C929A42A}.Release|Any CPU.Build.0 = Release|Any CPU
		{D601F8C0-BFEE-4945-A04A-180CA6E34A4D}.Debug|Any CPU.ActiveCfg = Debug|Any CPU
		{D601F8C0-BFEE-4945-A04A-180CA6E34A4D}.Debug|Any CPU.Build.0 = Debug|Any CPU
		{D601F8C0-BFEE-4945-A04A-180CA6E34A4D}.Release|Any CPU.ActiveCfg = Release|Any CPU
		{D601F8C0-BFEE-4945-A04A-180CA6E34A4D}.Release|Any CPU.Build.0 = Release|Any CPU
		{B5193EE6-CFF9-4D14-8EEB-B712F2534E90}.Debug|Any CPU.ActiveCfg = Debug|Any CPU
		{B5193EE6-CFF9-4D14-8EEB-B712F2534E90}.Debug|Any CPU.Build.0 = Debug|Any CPU
		{B5193EE6-CFF9-4D14-8EEB-B712F2534E90}.Release|Any CPU.ActiveCfg = Release|Any CPU
		{B5193EE6-CFF9-4D14-8EEB-B712F2534E90}.Release|Any CPU.Build.0 = Release|Any CPU
		{7276E9B4-4CE9-4144-9C2E-D4BAE948CF08}.Debug|Any CPU.ActiveCfg = Debug|Any CPU
		{7276E9B4-4CE9-4144-9C2E-D4BAE948CF08}.Debug|Any CPU.Build.0 = Debug|Any CPU
		{7276E9B4-4CE9-4144-9C2E-D4BAE948CF08}.Release|Any CPU.ActiveCfg = Release|Any CPU
		{7276E9B4-4CE9-4144-9C2E-D4BAE948CF08}.Release|Any CPU.Build.0 = Release|Any CPU
		{5428BF13-CE98-4D58-929F-246BA7B9CC0E}.Debug|Any CPU.ActiveCfg = Debug|Any CPU
		{5428BF13-CE98-4D58-929F-246BA7B9CC0E}.Debug|Any CPU.Build.0 = Debug|Any CPU
		{5428BF13-CE98-4D58-929F-246BA7B9CC0E}.Release|Any CPU.ActiveCfg = Release|Any CPU
		{5428BF13-CE98-4D58-929F-246BA7B9CC0E}.Release|Any CPU.Build.0 = Release|Any CPU
	EndGlobalSection
	GlobalSection(NestedProjects) = preSolution
		{0F99CDD2-3E84-4548-B3B4-4C0179011DE3} = {18E008A3-4370-4FAF-B4CF-85DE01499DCE}
		{8C1B23B3-9F16-4049-A450-BB55A8C404FF} = {940E42E6-AA73-41EB-8ED7-A450286FD940}
		{16AEF884-A0DB-41C2-91A8-3783EE5FE1B4} = {18E008A3-4370-4FAF-B4CF-85DE01499DCE}
		{74B1F2B8-F37D-4537-9237-D784BFA13D58} = {940E42E6-AA73-41EB-8ED7-A450286FD940}
		{B54A728D-8EB5-44EE-A4FF-07756D24F3BE} = {940E42E6-AA73-41EB-8ED7-A450286FD940}
		{C5E9C9BF-10BD-4565-A9DD-4983D66FB000} = {940E42E6-AA73-41EB-8ED7-A450286FD940}
		{5D462746-7372-4BAB-A641-41CD57AC217A} = {940E42E6-AA73-41EB-8ED7-A450286FD940}
		{55FF5ABF-4F4E-44D2-A1D3-EA345C40DC69} = {940E42E6-AA73-41EB-8ED7-A450286FD940}
		{026CEAF8-ACD8-4F57-8B68-C6C4C929A42A} = {940E42E6-AA73-41EB-8ED7-A450286FD940}
		{D601F8C0-BFEE-4945-A04A-180CA6E34A4D} = {18E008A3-4370-4FAF-B4CF-85DE01499DCE}
		{B5193EE6-CFF9-4D14-8EEB-B712F2534E90} = {940E42E6-AA73-41EB-8ED7-A450286FD940}
		{7276E9B4-4CE9-4144-9C2E-D4BAE948CF08} = {940E42E6-AA73-41EB-8ED7-A450286FD940}
		{5428BF13-CE98-4D58-929F-246BA7B9CC0E} = {940E42E6-AA73-41EB-8ED7-A450286FD940}
	EndGlobalSection
EndGlobal
