
Microsoft Visual Studio Solution File, Format Version 12.00
# Visual Studio Version 17
VisualStudioVersion = 17.0.31903.59
MinimumVisualStudioVersion = 10.0.40219.1
Project("{FAE04EC0-301F-11D3-BF4B-00C04F79EFBC}") = "discover", "..\tools\discover\discover.csproj", "{2AB60496-28BB-41E0-894D-7B1DFF3BB7B2}"
EndProject
Project("{FAE04EC0-301F-11D3-BF4B-00C04F79EFBC}") = "PoViEmu.Inventory", "PoViEmu.Inventory\PoViEmu.Inventory.csproj", "{8EF25244-14D6-40AE-8529-E654F49440AF}"
EndProject
Project("{FAE04EC0-301F-11D3-BF4B-00C04F79EFBC}") = "PoViEmu.Base", "..\src\PoViEmu.Base\PoViEmu.Base.csproj", "{3F2E7787-AFBE-4D9F-9ECA-A5E7BA013581}"
EndProject
Project("{FAE04EC0-301F-11D3-BF4B-00C04F79EFBC}") = "PoViEmu.Base.ABI", "..\src\PoViEmu.Base.ABI\PoViEmu.Base.ABI.csproj", "{565AE3E8-58C2-43FF-ABCA-4E665F9FA26C}"
EndProject
Project("{FAE04EC0-301F-11D3-BF4B-00C04F79EFBC}") = "PoViEmu.I186.ABI", "..\src\PoViEmu.I186.ABI\PoViEmu.I186.ABI.csproj", "{050E6A00-998D-4687-BC97-998B580E14BE}"
EndProject
Project("{FAE04EC0-301F-11D3-BF4B-00C04F79EFBC}") = "PoViEmu.Base.Gfx", "..\src\PoViEmu.Base.Gfx\PoViEmu.Base.Gfx.csproj", "{F08CBD36-EF78-4D70-9130-A1BE75A5A847}"
EndProject
Project("{FAE04EC0-301F-11D3-BF4B-00C04F79EFBC}") = "PoViEmu.Compression", "PoViEmu.Compression\PoViEmu.Compression.csproj", "{5C9D017C-A563-47F3-9914-8BB64C59B4BB}"
EndProject
Project("{FAE04EC0-301F-11D3-BF4B-00C04F79EFBC}") = "PoViEmu.SH3.ABI", "..\src\PoViEmu.SH3.ABI\PoViEmu.SH3.ABI.csproj", "{8C7CF4BE-D51C-4255-8424-77859F3C351A}"
EndProject
Project("{2150E333-8FDC-42A3-9474-1A3956D46DE8}") = "src", "src", "{D1302797-50B0-44FF-9AC8-3E9413F7F30C}"
EndProject
Project("{2150E333-8FDC-42A3-9474-1A3956D46DE8}") = "tools", "tools", "{BCEE2E23-D24B-41E9-A3E8-51B7C0578332}"
EndProject
Project("{2150E333-8FDC-42A3-9474-1A3956D46DE8}") = "next", "next", "{528060FA-589E-4CD3-AF23-F39709DEBEA9}"
EndProject
Project("{FAE04EC0-301F-11D3-BF4B-00C04F79EFBC}") = "PoViEmu.Workbook", "PoViEmu.Workbook\PoViEmu.Workbook.csproj", "{F8233F77-C5B0-4EB4-987D-2106D83B23FB}"
EndProject
Project("{FAE04EC0-301F-11D3-BF4B-00C04F79EFBC}") = "PoViEmu.Base.CPU", "..\src\PoViEmu.Base.CPU\PoViEmu.Base.CPU.csproj", "{A33A8A51-5BF4-4E3D-86E3-E7DAC99AA356}"
EndProject
Project("{FAE04EC0-301F-11D3-BF4B-00C04F79EFBC}") = "PoViEmu.Base.ISA", "..\src\PoViEmu.Base.ISA\PoViEmu.Base.ISA.csproj", "{DD614338-63C2-4818-B085-8408204D1504}"
EndProject
Project("{FAE04EC0-301F-11D3-BF4B-00C04F79EFBC}") = "PoViEmu.SH3.ISA", "..\src\PoViEmu.SH3.ISA\PoViEmu.SH3.ISA.csproj", "{FE212534-D72B-4783-B2EA-CB1849FB7C9F}"
EndProject
Project("{FAE04EC0-301F-11D3-BF4B-00C04F79EFBC}") = "PoViEmu.I186.ISA", "..\src\PoViEmu.I186.ISA\PoViEmu.I186.ISA.csproj", "{0DF3BE40-D886-458E-9B75-A4D6056F33A0}"
EndProject
Project("{FAE04EC0-301F-11D3-BF4B-00C04F79EFBC}") = "PoViEmu.I186.CPU", "..\src\PoViEmu.I186.CPU\PoViEmu.I186.CPU.csproj", "{88A24BCE-C506-4B73-B223-E57DA3E2F1AC}"
EndProject
Project("{FAE04EC0-301F-11D3-BF4B-00C04F79EFBC}") = "PoViEmu.SH3.CPU", "..\src\PoViEmu.SH3.CPU\PoViEmu.SH3.CPU.csproj", "{43057D44-771E-45DA-BA58-291EA09D9BEA}"
EndProject
Project("{FAE04EC0-301F-11D3-BF4B-00C04F79EFBC}") = "PoViEmu.UI", "PoViEmu.UI\PoViEmu.UI.csproj", "{4FEB7248-F532-4FCD-95EE-0884F0173C73}"
EndProject
Project("{2150E333-8FDC-42A3-9474-1A3956D46DE8}") = "gui", "gui", "{9F626B62-2368-4473-8ECB-284CEC9F207C}"
EndProject
Project("{FAE04EC0-301F-11D3-BF4B-00C04F79EFBC}") = "PoViEmu.UI.Desktop", "PoViEmu.UI.Desktop\PoViEmu.UI.Desktop.csproj", "{6B900B0A-DE04-46A0-9289-8AAE337A59EA}"
EndProject
Project("{FAE04EC0-301F-11D3-BF4B-00C04F79EFBC}") = "PoViEmu.Persistence", "PoViEmu.Persistence\PoViEmu.Persistence.csproj", "{C874799A-50C7-4D6A-B9D8-F4B89EEAE3AD}"
EndProject
Project("{FAE04EC0-301F-11D3-BF4B-00C04F79EFBC}") = "PoViEmu.UI.Android", "PoViEmu.UI.Android\PoViEmu.UI.Android.csproj", "{A59BD4DC-15C1-4885-B092-5C876C7AEB30}"
EndProject
Project("{FAE04EC0-301F-11D3-BF4B-00C04F79EFBC}") = "PoViEmu.UI.Debugger", "PoViEmu.UI.Debugger\PoViEmu.UI.Debugger.csproj", "{78C59345-07ED-4B28-8DE8-EB66E7ACFEA5}"
EndProject
Project("{FAE04EC0-301F-11D3-BF4B-00C04F79EFBC}") = "PoViEmu.Hyper", "PoViEmu.Hyper\PoViEmu.Hyper.csproj", "{B9100713-CEB8-491B-9A04-942B6F301681}"
EndProject
Global
	GlobalSection(SolutionConfigurationPlatforms) = preSolution
		Debug|Any CPU = Debug|Any CPU
		Release|Any CPU = Release|Any CPU
	EndGlobalSection
	GlobalSection(ProjectConfigurationPlatforms) = postSolution
		{2AB60496-28BB-41E0-894D-7B1DFF3BB7B2}.Debug|Any CPU.ActiveCfg = Debug|Any CPU
		{2AB60496-28BB-41E0-894D-7B1DFF3BB7B2}.Debug|Any CPU.Build.0 = Debug|Any CPU
		{2AB60496-28BB-41E0-894D-7B1DFF3BB7B2}.Release|Any CPU.ActiveCfg = Release|Any CPU
		{2AB60496-28BB-41E0-894D-7B1DFF3BB7B2}.Release|Any CPU.Build.0 = Release|Any CPU
		{8EF25244-14D6-40AE-8529-E654F49440AF}.Debug|Any CPU.ActiveCfg = Debug|Any CPU
		{8EF25244-14D6-40AE-8529-E654F49440AF}.Debug|Any CPU.Build.0 = Debug|Any CPU
		{8EF25244-14D6-40AE-8529-E654F49440AF}.Release|Any CPU.ActiveCfg = Release|Any CPU
		{8EF25244-14D6-40AE-8529-E654F49440AF}.Release|Any CPU.Build.0 = Release|Any CPU
		{3F2E7787-AFBE-4D9F-9ECA-A5E7BA013581}.Debug|Any CPU.ActiveCfg = Debug|Any CPU
		{3F2E7787-AFBE-4D9F-9ECA-A5E7BA013581}.Debug|Any CPU.Build.0 = Debug|Any CPU
		{3F2E7787-AFBE-4D9F-9ECA-A5E7BA013581}.Release|Any CPU.ActiveCfg = Release|Any CPU
		{3F2E7787-AFBE-4D9F-9ECA-A5E7BA013581}.Release|Any CPU.Build.0 = Release|Any CPU
		{565AE3E8-58C2-43FF-ABCA-4E665F9FA26C}.Debug|Any CPU.ActiveCfg = Debug|Any CPU
		{565AE3E8-58C2-43FF-ABCA-4E665F9FA26C}.Debug|Any CPU.Build.0 = Debug|Any CPU
		{565AE3E8-58C2-43FF-ABCA-4E665F9FA26C}.Release|Any CPU.ActiveCfg = Release|Any CPU
		{565AE3E8-58C2-43FF-ABCA-4E665F9FA26C}.Release|Any CPU.Build.0 = Release|Any CPU
		{050E6A00-998D-4687-BC97-998B580E14BE}.Debug|Any CPU.ActiveCfg = Debug|Any CPU
		{050E6A00-998D-4687-BC97-998B580E14BE}.Debug|Any CPU.Build.0 = Debug|Any CPU
		{050E6A00-998D-4687-BC97-998B580E14BE}.Release|Any CPU.ActiveCfg = Release|Any CPU
		{050E6A00-998D-4687-BC97-998B580E14BE}.Release|Any CPU.Build.0 = Release|Any CPU
		{F08CBD36-EF78-4D70-9130-A1BE75A5A847}.Debug|Any CPU.ActiveCfg = Debug|Any CPU
		{F08CBD36-EF78-4D70-9130-A1BE75A5A847}.Debug|Any CPU.Build.0 = Debug|Any CPU
		{F08CBD36-EF78-4D70-9130-A1BE75A5A847}.Release|Any CPU.ActiveCfg = Release|Any CPU
		{F08CBD36-EF78-4D70-9130-A1BE75A5A847}.Release|Any CPU.Build.0 = Release|Any CPU
		{5C9D017C-A563-47F3-9914-8BB64C59B4BB}.Debug|Any CPU.ActiveCfg = Debug|Any CPU
		{5C9D017C-A563-47F3-9914-8BB64C59B4BB}.Debug|Any CPU.Build.0 = Debug|Any CPU
		{5C9D017C-A563-47F3-9914-8BB64C59B4BB}.Release|Any CPU.ActiveCfg = Release|Any CPU
		{5C9D017C-A563-47F3-9914-8BB64C59B4BB}.Release|Any CPU.Build.0 = Release|Any CPU
		{8C7CF4BE-D51C-4255-8424-77859F3C351A}.Debug|Any CPU.ActiveCfg = Debug|Any CPU
		{8C7CF4BE-D51C-4255-8424-77859F3C351A}.Debug|Any CPU.Build.0 = Debug|Any CPU
		{8C7CF4BE-D51C-4255-8424-77859F3C351A}.Release|Any CPU.ActiveCfg = Release|Any CPU
		{8C7CF4BE-D51C-4255-8424-77859F3C351A}.Release|Any CPU.Build.0 = Release|Any CPU
		{F8233F77-C5B0-4EB4-987D-2106D83B23FB}.Debug|Any CPU.ActiveCfg = Debug|Any CPU
		{F8233F77-C5B0-4EB4-987D-2106D83B23FB}.Debug|Any CPU.Build.0 = Debug|Any CPU
		{F8233F77-C5B0-4EB4-987D-2106D83B23FB}.Release|Any CPU.ActiveCfg = Release|Any CPU
		{F8233F77-C5B0-4EB4-987D-2106D83B23FB}.Release|Any CPU.Build.0 = Release|Any CPU
		{A33A8A51-5BF4-4E3D-86E3-E7DAC99AA356}.Debug|Any CPU.ActiveCfg = Debug|Any CPU
		{A33A8A51-5BF4-4E3D-86E3-E7DAC99AA356}.Debug|Any CPU.Build.0 = Debug|Any CPU
		{A33A8A51-5BF4-4E3D-86E3-E7DAC99AA356}.Release|Any CPU.ActiveCfg = Release|Any CPU
		{A33A8A51-5BF4-4E3D-86E3-E7DAC99AA356}.Release|Any CPU.Build.0 = Release|Any CPU
		{DD614338-63C2-4818-B085-8408204D1504}.Debug|Any CPU.ActiveCfg = Debug|Any CPU
		{DD614338-63C2-4818-B085-8408204D1504}.Debug|Any CPU.Build.0 = Debug|Any CPU
		{DD614338-63C2-4818-B085-8408204D1504}.Release|Any CPU.ActiveCfg = Release|Any CPU
		{DD614338-63C2-4818-B085-8408204D1504}.Release|Any CPU.Build.0 = Release|Any CPU
		{FE212534-D72B-4783-B2EA-CB1849FB7C9F}.Debug|Any CPU.ActiveCfg = Debug|Any CPU
		{FE212534-D72B-4783-B2EA-CB1849FB7C9F}.Debug|Any CPU.Build.0 = Debug|Any CPU
		{FE212534-D72B-4783-B2EA-CB1849FB7C9F}.Release|Any CPU.ActiveCfg = Release|Any CPU
		{FE212534-D72B-4783-B2EA-CB1849FB7C9F}.Release|Any CPU.Build.0 = Release|Any CPU
		{0DF3BE40-D886-458E-9B75-A4D6056F33A0}.Debug|Any CPU.ActiveCfg = Debug|Any CPU
		{0DF3BE40-D886-458E-9B75-A4D6056F33A0}.Debug|Any CPU.Build.0 = Debug|Any CPU
		{0DF3BE40-D886-458E-9B75-A4D6056F33A0}.Release|Any CPU.ActiveCfg = Release|Any CPU
		{0DF3BE40-D886-458E-9B75-A4D6056F33A0}.Release|Any CPU.Build.0 = Release|Any CPU
		{88A24BCE-C506-4B73-B223-E57DA3E2F1AC}.Debug|Any CPU.ActiveCfg = Debug|Any CPU
		{88A24BCE-C506-4B73-B223-E57DA3E2F1AC}.Debug|Any CPU.Build.0 = Debug|Any CPU
		{88A24BCE-C506-4B73-B223-E57DA3E2F1AC}.Release|Any CPU.ActiveCfg = Release|Any CPU
		{88A24BCE-C506-4B73-B223-E57DA3E2F1AC}.Release|Any CPU.Build.0 = Release|Any CPU
		{43057D44-771E-45DA-BA58-291EA09D9BEA}.Debug|Any CPU.ActiveCfg = Debug|Any CPU
		{43057D44-771E-45DA-BA58-291EA09D9BEA}.Debug|Any CPU.Build.0 = Debug|Any CPU
		{43057D44-771E-45DA-BA58-291EA09D9BEA}.Release|Any CPU.ActiveCfg = Release|Any CPU
		{43057D44-771E-45DA-BA58-291EA09D9BEA}.Release|Any CPU.Build.0 = Release|Any CPU
		{4FEB7248-F532-4FCD-95EE-0884F0173C73}.Debug|Any CPU.ActiveCfg = Debug|Any CPU
		{4FEB7248-F532-4FCD-95EE-0884F0173C73}.Debug|Any CPU.Build.0 = Debug|Any CPU
		{4FEB7248-F532-4FCD-95EE-0884F0173C73}.Release|Any CPU.ActiveCfg = Release|Any CPU
		{4FEB7248-F532-4FCD-95EE-0884F0173C73}.Release|Any CPU.Build.0 = Release|Any CPU
		{6B900B0A-DE04-46A0-9289-8AAE337A59EA}.Debug|Any CPU.ActiveCfg = Debug|Any CPU
		{6B900B0A-DE04-46A0-9289-8AAE337A59EA}.Debug|Any CPU.Build.0 = Debug|Any CPU
		{6B900B0A-DE04-46A0-9289-8AAE337A59EA}.Release|Any CPU.ActiveCfg = Release|Any CPU
		{6B900B0A-DE04-46A0-9289-8AAE337A59EA}.Release|Any CPU.Build.0 = Release|Any CPU
		{C874799A-50C7-4D6A-B9D8-F4B89EEAE3AD}.Debug|Any CPU.ActiveCfg = Debug|Any CPU
		{C874799A-50C7-4D6A-B9D8-F4B89EEAE3AD}.Debug|Any CPU.Build.0 = Debug|Any CPU
		{C874799A-50C7-4D6A-B9D8-F4B89EEAE3AD}.Release|Any CPU.ActiveCfg = Release|Any CPU
		{C874799A-50C7-4D6A-B9D8-F4B89EEAE3AD}.Release|Any CPU.Build.0 = Release|Any CPU
		{A59BD4DC-15C1-4885-B092-5C876C7AEB30}.Debug|Any CPU.ActiveCfg = Debug|Any CPU
		{A59BD4DC-15C1-4885-B092-5C876C7AEB30}.Debug|Any CPU.Build.0 = Debug|Any CPU
		{A59BD4DC-15C1-4885-B092-5C876C7AEB30}.Debug|Any CPU.Deploy.0 = Debug|Any CPU
		{A59BD4DC-15C1-4885-B092-5C876C7AEB30}.Release|Any CPU.ActiveCfg = Release|Any CPU
		{A59BD4DC-15C1-4885-B092-5C876C7AEB30}.Release|Any CPU.Build.0 = Release|Any CPU
		{78C59345-07ED-4B28-8DE8-EB66E7ACFEA5}.Debug|Any CPU.ActiveCfg = Debug|Any CPU
		{78C59345-07ED-4B28-8DE8-EB66E7ACFEA5}.Debug|Any CPU.Build.0 = Debug|Any CPU
		{78C59345-07ED-4B28-8DE8-EB66E7ACFEA5}.Release|Any CPU.ActiveCfg = Release|Any CPU
		{78C59345-07ED-4B28-8DE8-EB66E7ACFEA5}.Release|Any CPU.Build.0 = Release|Any CPU
		{B9100713-CEB8-491B-9A04-942B6F301681}.Debug|Any CPU.ActiveCfg = Debug|Any CPU
		{B9100713-CEB8-491B-9A04-942B6F301681}.Debug|Any CPU.Build.0 = Debug|Any CPU
		{B9100713-CEB8-491B-9A04-942B6F301681}.Release|Any CPU.ActiveCfg = Release|Any CPU
		{B9100713-CEB8-491B-9A04-942B6F301681}.Release|Any CPU.Build.0 = Release|Any CPU
	EndGlobalSection
	GlobalSection(SolutionProperties) = preSolution
		HideSolutionNode = FALSE
	EndGlobalSection
	GlobalSection(NestedProjects) = preSolution
		{2AB60496-28BB-41E0-894D-7B1DFF3BB7B2} = {BCEE2E23-D24B-41E9-A3E8-51B7C0578332}
		{8EF25244-14D6-40AE-8529-E654F49440AF} = {528060FA-589E-4CD3-AF23-F39709DEBEA9}
		{3F2E7787-AFBE-4D9F-9ECA-A5E7BA013581} = {D1302797-50B0-44FF-9AC8-3E9413F7F30C}
		{565AE3E8-58C2-43FF-ABCA-4E665F9FA26C} = {D1302797-50B0-44FF-9AC8-3E9413F7F30C}
		{050E6A00-998D-4687-BC97-998B580E14BE} = {D1302797-50B0-44FF-9AC8-3E9413F7F30C}
		{F08CBD36-EF78-4D70-9130-A1BE75A5A847} = {D1302797-50B0-44FF-9AC8-3E9413F7F30C}
		{5C9D017C-A563-47F3-9914-8BB64C59B4BB} = {528060FA-589E-4CD3-AF23-F39709DEBEA9}
		{8C7CF4BE-D51C-4255-8424-77859F3C351A} = {D1302797-50B0-44FF-9AC8-3E9413F7F30C}
		{F8233F77-C5B0-4EB4-987D-2106D83B23FB} = {528060FA-589E-4CD3-AF23-F39709DEBEA9}
		{A33A8A51-5BF4-4E3D-86E3-E7DAC99AA356} = {D1302797-50B0-44FF-9AC8-3E9413F7F30C}
		{DD614338-63C2-4818-B085-8408204D1504} = {D1302797-50B0-44FF-9AC8-3E9413F7F30C}
		{FE212534-D72B-4783-B2EA-CB1849FB7C9F} = {D1302797-50B0-44FF-9AC8-3E9413F7F30C}
		{0DF3BE40-D886-458E-9B75-A4D6056F33A0} = {D1302797-50B0-44FF-9AC8-3E9413F7F30C}
		{88A24BCE-C506-4B73-B223-E57DA3E2F1AC} = {D1302797-50B0-44FF-9AC8-3E9413F7F30C}
		{43057D44-771E-45DA-BA58-291EA09D9BEA} = {D1302797-50B0-44FF-9AC8-3E9413F7F30C}
		{4FEB7248-F532-4FCD-95EE-0884F0173C73} = {9F626B62-2368-4473-8ECB-284CEC9F207C}
		{6B900B0A-DE04-46A0-9289-8AAE337A59EA} = {9F626B62-2368-4473-8ECB-284CEC9F207C}
		{C874799A-50C7-4D6A-B9D8-F4B89EEAE3AD} = {528060FA-589E-4CD3-AF23-F39709DEBEA9}
		{A59BD4DC-15C1-4885-B092-5C876C7AEB30} = {9F626B62-2368-4473-8ECB-284CEC9F207C}
		{78C59345-07ED-4B28-8DE8-EB66E7ACFEA5} = {9F626B62-2368-4473-8ECB-284CEC9F207C}
		{B9100713-CEB8-491B-9A04-942B6F301681} = {528060FA-589E-4CD3-AF23-F39709DEBEA9}
	EndGlobalSection
EndGlobal
